# THIS IS AN AUTOGENERATED FILE. DO NOT EDIT THIS FILE DIRECTLY.
# yarn lockfile v1


"zenn-cli@^0.1.146":
  "integrity" "sha512-IjxTGvaatNpaTl/3spegOqSIOZOZG+QAllbQjlsgS3yxKRWZZ4dl2XRpTpaI5Qg9E4NCuX5EZ9+SM+9cxdzSgQ=="
  "resolved" "https://registry.npmjs.org/zenn-cli/-/zenn-cli-0.1.146.tgz"
  "version" "0.1.146"
