# THIS IS AN AUTOGENERATED FILE. DO NOT EDIT THIS FILE DIRECTLY.
# yarn lockfile v1


"zenn-cli@^0.1.144":
  "integrity" "sha512-vReeYJg2ySjIUKSm5shKdi8rLmMO31Mtk7/xcTJVMSY0sLWJemTgtV8Mcpe1lIvTLKwg5SjfAa3iWjX0HIy3EA=="
  "resolved" "https://registry.npmjs.org/zenn-cli/-/zenn-cli-0.1.144.tgz"
  "version" "0.1.144"
