# THIS IS AN AUTOGENERATED FILE. DO NOT EDIT THIS FILE DIRECTLY.
# yarn lockfile v1


"zenn-cli@^0.1.131":
  "integrity" "sha512-oikfVMJHSKMFpN3nhhwb8sy0890HJGgC3T4Q5/Av75SWRy8uAUJUSGNDFJL+ysResBFJwXsf/Pg0GHmRMbkUPQ=="
  "resolved" "https://registry.npmjs.org/zenn-cli/-/zenn-cli-0.1.131.tgz"
  "version" "0.1.131"
